
Microsoft Visual Studio Solution File, Format Version 12.00
# Visual Studio Version 17
VisualStudioVersion = 17.8.34330.188
MinimumVisualStudioVersion = 10.0.40219.1
Project("{FAE04EC0-301F-11D3-BF4B-00C04F79EFBC}") = "Cinema.Business", "Cinema.Business\Cinema.Business.csproj", "{B63017D4-6479-4AA5-BB41-7152AA651A4B}"
EndProject
Project("{FAE04EC0-301F-11D3-BF4B-00C04F79EFBC}") = "Cinema.Data", "Cinema.Data\Cinema.Data.csproj", "{5056E746-BE45-4526-B446-A1639EF813AD}"
EndProject
Project("{FAE04EC0-301F-11D3-BF4B-00C04F79EFBC}") = "Cinema.WebApi", "Cinema.WebApi\Cinema.WebApi.csproj", "{E4A7C4E3-F40B-4BE2-B435-667CB6B4437B}"
EndProject
Global
	GlobalSection(SolutionConfigurationPlatforms) = preSolution
		Debug|Any CPU = Debug|Any CPU
		Release|Any CPU = Release|Any CPU
	EndGlobalSection
	GlobalSection(ProjectConfigurationPlatforms) = postSolution
		{B63017D4-6479-4AA5-BB41-7152AA651A4B}.Debug|Any CPU.ActiveCfg = Debug|Any CPU
		{B63017D4-6479-4AA5-BB41-7152AA651A4B}.Debug|Any CPU.Build.0 = Debug|Any CPU
		{B63017D4-6479-4AA5-BB41-7152AA651A4B}.Release|Any CPU.ActiveCfg = Release|Any CPU
		{B63017D4-6479-4AA5-BB41-7152AA651A4B}.Release|Any CPU.Build.0 = Release|Any CPU
		{5056E746-BE45-4526-B446-A1639EF813AD}.Debug|Any CPU.ActiveCfg = Debug|Any CPU
		{5056E746-BE45-4526-B446-A1639EF813AD}.Debug|Any CPU.Build.0 = Debug|Any CPU
		{5056E746-BE45-4526-B446-A1639EF813AD}.Release|Any CPU.ActiveCfg = Release|Any CPU
		{5056E746-BE45-4526-B446-A1639EF813AD}.Release|Any CPU.Build.0 = Release|Any CPU
		{E4A7C4E3-F40B-4BE2-B435-667CB6B4437B}.Debug|Any CPU.ActiveCfg = Debug|Any CPU
		{E4A7C4E3-F40B-4BE2-B435-667CB6B4437B}.Debug|Any CPU.Build.0 = Debug|Any CPU
		{E4A7C4E3-F40B-4BE2-B435-667CB6B4437B}.Release|Any CPU.ActiveCfg = Release|Any CPU
		{E4A7C4E3-F40B-4BE2-B435-667CB6B4437B}.Release|Any CPU.Build.0 = Release|Any CPU
	EndGlobalSection
	GlobalSection(SolutionProperties) = preSolution
		HideSolutionNode = FALSE
	EndGlobalSection
	GlobalSection(ExtensibilityGlobals) = postSolution
		SolutionGuid = {995B184A-8954-4E99-8C90-D342EA62E277}
	EndGlobalSection
EndGlobal
